{
  "requires": true,
  "lockfileVersion": 1,
  "dependencies": {
    "eme-encryption-scheme-polyfill": {
      "version": "2.0.1",
      "resolved": "https://registry.npmjs.org/eme-encryption-scheme-polyfill/-/eme-encryption-scheme-polyfill-2.0.1.tgz",
      "integrity": "sha512-Wz+Ro1c0/2Wsx2RLFvTOO0m4LvYn+7cSnq3XOvRvLLBq8jbvUACH/zpU9s0/5+mQa5oaelkU69x+q0z/iWYrFA=="
    },
    "js-tokens": {
      "version": "4.0.0",
      "resolved": "https://registry.npmjs.org/js-tokens/-/js-tokens-4.0.0.tgz",
      "integrity": "sha512-RdJUflcE3cUzKiMqQgsCu06FPu9UdIJO0beYbPhHN4k6apgJtifcoCtT9bcxOpYBtpD2kCM6Sbzg4CausW/PKQ=="
    },
    "keymirror": {
      "version": "0.1.1",
      "resolved": "https://registry.npmjs.org/keymirror/-/keymirror-0.1.1.tgz",
      "integrity": "sha1-kYiJ6hP40KQufFVyUO7nE63JXDU="
    },
    "loose-envify": {
      "version": "1.4.0",
      "resolved": "https://registry.npmjs.org/loose-envify/-/loose-envify-1.4.0.tgz",
      "integrity": "sha512-lyuxPGr/Wfhrlem2CL/UcnUc1zcqKAImBDzukY7Y5F/yQiNdko6+fRLevlw1HgMySw7f611UIY408EtxRSoK3Q==",
      "requires": {
        "js-tokens": "^3.0.0 || ^4.0.0"
      }
    },
    "object-assign": {
      "version": "4.1.1",
      "resolved": "https://registry.npmjs.org/object-assign/-/object-assign-4.1.1.tgz",
      "integrity": "sha1-IQmtx5ZYh8/AXLvUQsrIv7s2CGM="
    },
    "prop-types": {
      "version": "15.7.2",
      "resolved": "https://registry.npmjs.org/prop-types/-/prop-types-15.7.2.tgz",
      "integrity": "sha512-8QQikdH7//R2vurIJSutZ1smHYTcLpRWEOlHnzcWHmBYrOGUysKwSsrC89BCiFj3CbrfJ/nXFdJepOVrY1GCHQ==",
      "requires": {
        "loose-envify": "^1.4.0",
        "object-assign": "^4.1.1",
        "react-is": "^16.8.1"
      }
    },
    "react-is": {
      "version": "16.13.1",
      "resolved": "https://registry.npmjs.org/react-is/-/react-is-16.13.1.tgz",
      "integrity": "sha512-24e6ynE2H+OKt4kqsOvNd8kBpV65zoxbA4BVsEOB3ARVWQki/DHzaUoC5KuON/BiccDaCCTZBuOcfZs70kR8bQ=="
    },
    "react-native-video": {
      "version": "4.4.5",
      "resolved": "https://registry.npmjs.org/react-native-video/-/react-native-video-4.4.5.tgz",
      "integrity": "sha512-jm1Yf1S3ZqrsbUo+3v9nUaQz/eD4kytzkm8jfDEvKzg/EEzci1EzjLSZqQcNtyLg1fvfkyRbvvzUYhS2SjdKPA==",
      "requires": {
        "keymirror": "^0.1.1",
        "prop-types": "^15.5.10",
        "shaka-player": "^2.4.4"
      }
    },
    "shaka-player": {
      "version": "2.5.13",
      "resolved": "https://registry.npmjs.org/shaka-player/-/shaka-player-2.5.13.tgz",
      "integrity": "sha512-rEh7juGlTvvF10oD7+EukS12EysZXI2fiGvNLqO7GsBQ5R/sFwcTGEB8A6lWlHQXeGVbT+MxZWKMZwFE805G6A==",
      "requires": {
        "eme-encryption-scheme-polyfill": "^2.0.1"
      }
    }
  }
}
